
Microsoft Visual Studio Solution File, Format Version 12.00
# Visual Studio Version 17
VisualStudioVersion = 17.0.31903.59
MinimumVisualStudioVersion = 10.0.40219.1
Project("{FAE04EC0-301F-11D3-BF4B-00C04F79EFBC}") = "BLL", "BLL\BLL.csproj", "{0157B66A-BA3B-409B-BDFD-772DB139B36C}"
EndProject
Project("{FAE04EC0-301F-11D3-BF4B-00C04F79EFBC}") = "BOL", "BOL\BOL.csproj", "{D8047BA1-AF9D-4F67-B9F1-E49F5C8F6335}"
EndProject
Project("{FAE04EC0-301F-11D3-BF4B-00C04F79EFBC}") = "DAL", "DAL\DAL.csproj", "{65A3ED2A-8AB5-4B0B-8082-16B689A2487A}"
EndProject
Global
	GlobalSection(SolutionConfigurationPlatforms) = preSolution
		Debug|Any CPU = Debug|Any CPU
		Release|Any CPU = Release|Any CPU
	EndGlobalSection
	GlobalSection(SolutionProperties) = preSolution
		HideSolutionNode = FALSE
	EndGlobalSection
	GlobalSection(ProjectConfigurationPlatforms) = postSolution
		{0157B66A-BA3B-409B-BDFD-772DB139B36C}.Debug|Any CPU.ActiveCfg = Debug|Any CPU
		{0157B66A-BA3B-409B-BDFD-772DB139B36C}.Debug|Any CPU.Build.0 = Debug|Any CPU
		{0157B66A-BA3B-409B-BDFD-772DB139B36C}.Release|Any CPU.ActiveCfg = Release|Any CPU
		{0157B66A-BA3B-409B-BDFD-772DB139B36C}.Release|Any CPU.Build.0 = Release|Any CPU
		{D8047BA1-AF9D-4F67-B9F1-E49F5C8F6335}.Debug|Any CPU.ActiveCfg = Debug|Any CPU
		{D8047BA1-AF9D-4F67-B9F1-E49F5C8F6335}.Debug|Any CPU.Build.0 = Debug|Any CPU
		{D8047BA1-AF9D-4F67-B9F1-E49F5C8F6335}.Release|Any CPU.ActiveCfg = Release|Any CPU
		{D8047BA1-AF9D-4F67-B9F1-E49F5C8F6335}.Release|Any CPU.Build.0 = Release|Any CPU
		{65A3ED2A-8AB5-4B0B-8082-16B689A2487A}.Debug|Any CPU.ActiveCfg = Debug|Any CPU
		{65A3ED2A-8AB5-4B0B-8082-16B689A2487A}.Debug|Any CPU.Build.0 = Debug|Any CPU
		{65A3ED2A-8AB5-4B0B-8082-16B689A2487A}.Release|Any CPU.ActiveCfg = Release|Any CPU
		{65A3ED2A-8AB5-4B0B-8082-16B689A2487A}.Release|Any CPU.Build.0 = Release|Any CPU
	EndGlobalSection
EndGlobal
